
Microsoft Visual Studio Solution File, Format Version 12.00
# Visual Studio Version 17
VisualStudioVersion = 17.14.36518.9
MinimumVisualStudioVersion = 10.0.40219.1
Project("{FAE04EC0-301F-11D3-BF4B-00C04F79EFBC}") = "WaterTransportService.Model", "WaterTransportService.Model\WaterTransportService.Model.csproj", "{44134951-DEC6-4DFF-9910-76DFED3E5021}"
EndProject
Project("{FAE04EC0-301F-11D3-BF4B-00C04F79EFBC}") = "WaterTransportService.Api", "WaterTransportService.Api\WaterTransportService.Api.csproj", "{D2956EC1-7879-40B3-BAE9-2D3F68E64135}"
EndProject
Global
	GlobalSection(SolutionConfigurationPlatforms) = preSolution
		Debug|Any CPU = Debug|Any CPU
		Release|Any CPU = Release|Any CPU
	EndGlobalSection
	GlobalSection(ProjectConfigurationPlatforms) = postSolution
		{44134951-DEC6-4DFF-9910-76DFED3E5021}.Debug|Any CPU.ActiveCfg = Debug|Any CPU
		{44134951-DEC6-4DFF-9910-76DFED3E5021}.Debug|Any CPU.Build.0 = Debug|Any CPU
		{44134951-DEC6-4DFF-9910-76DFED3E5021}.Release|Any CPU.ActiveCfg = Release|Any CPU
		{44134951-DEC6-4DFF-9910-76DFED3E5021}.Release|Any CPU.Build.0 = Release|Any CPU
		{D2956EC1-7879-40B3-BAE9-2D3F68E64135}.Debug|Any CPU.ActiveCfg = Debug|Any CPU
		{D2956EC1-7879-40B3-BAE9-2D3F68E64135}.Debug|Any CPU.Build.0 = Debug|Any CPU
		{D2956EC1-7879-40B3-BAE9-2D3F68E64135}.Release|Any CPU.ActiveCfg = Release|Any CPU
		{D2956EC1-7879-40B3-BAE9-2D3F68E64135}.Release|Any CPU.Build.0 = Release|Any CPU
	EndGlobalSection
	GlobalSection(SolutionProperties) = preSolution
		HideSolutionNode = FALSE
	EndGlobalSection
	GlobalSection(ExtensibilityGlobals) = postSolution
		SolutionGuid = {DE4033BB-AABA-4A71-AEB2-7CEF0962363E}
	EndGlobalSection
EndGlobal
